
Microsoft Visual Studio Solution File, Format Version 12.00
# Visual Studio Version 16
VisualStudioVersion = 16.0.32407.337
MinimumVisualStudioVersion = 10.0.40219.1
Project("{FAE04EC0-301F-11D3-BF4B-00C04F79EFBC}") = "KolokwiumSz2_1506", "KolokwiumSz2_1506\KolokwiumSz2_1506.csproj", "{CF7C5D3B-5DC8-4EF0-85A2-20A198BD1253}"
EndProject
Project("{FAE04EC0-301F-11D3-BF4B-00C04F79EFBC}") = "SzkolenieKolokwium.storage", "SzkolenieKolokwium.storage\SzkolenieKolokwium.storage.csproj", "{DC636DCC-1575-4FDE-AA7E-48CEBDD59BE1}"
EndProject
Global
	GlobalSection(SolutionConfigurationPlatforms) = preSolution
		Debug|Any CPU = Debug|Any CPU
		Release|Any CPU = Release|Any CPU
	EndGlobalSection
	GlobalSection(ProjectConfigurationPlatforms) = postSolution
		{CF7C5D3B-5DC8-4EF0-85A2-20A198BD1253}.Debug|Any CPU.ActiveCfg = Debug|Any CPU
		{CF7C5D3B-5DC8-4EF0-85A2-20A198BD1253}.Debug|Any CPU.Build.0 = Debug|Any CPU
		{CF7C5D3B-5DC8-4EF0-85A2-20A198BD1253}.Release|Any CPU.ActiveCfg = Release|Any CPU
		{CF7C5D3B-5DC8-4EF0-85A2-20A198BD1253}.Release|Any CPU.Build.0 = Release|Any CPU
		{DC636DCC-1575-4FDE-AA7E-48CEBDD59BE1}.Debug|Any CPU.ActiveCfg = Debug|Any CPU
		{DC636DCC-1575-4FDE-AA7E-48CEBDD59BE1}.Debug|Any CPU.Build.0 = Debug|Any CPU
		{DC636DCC-1575-4FDE-AA7E-48CEBDD59BE1}.Release|Any CPU.ActiveCfg = Release|Any CPU
		{DC636DCC-1575-4FDE-AA7E-48CEBDD59BE1}.Release|Any CPU.Build.0 = Release|Any CPU
	EndGlobalSection
	GlobalSection(SolutionProperties) = preSolution
		HideSolutionNode = FALSE
	EndGlobalSection
	GlobalSection(ExtensibilityGlobals) = postSolution
		SolutionGuid = {F7BCC27D-7883-48E1-8979-7A9C8509BE27}
	EndGlobalSection
EndGlobal
