
Microsoft Visual Studio Solution File, Format Version 12.00
# Visual Studio Version 17
VisualStudioVersion = 17.6.33815.320
MinimumVisualStudioVersion = 10.0.40219.1
Project("{9A19103F-16F7-4668-BE54-9A1E7A4F7556}") = "KolokwiumST2", "KolokwiumST2\KolokwiumST2.csproj", "{CF7C5D3B-5DC8-4EF0-85A2-20A198BD1253}"
EndProject
Project("{9A19103F-16F7-4668-BE54-9A1E7A4F7556}") = "storage", "storage\storage.csproj", "{DC636DCC-1575-4FDE-AA7E-48CEBDD59BE1}"
EndProject
Global
	GlobalSection(SolutionConfigurationPlatforms) = preSolution
		Debug|Any CPU = Debug|Any CPU
		Release|Any CPU = Release|Any CPU
	EndGlobalSection
	GlobalSection(ProjectConfigurationPlatforms) = postSolution
		{CF7C5D3B-5DC8-4EF0-85A2-20A198BD1253}.Debug|Any CPU.ActiveCfg = Debug|Any CPU
		{CF7C5D3B-5DC8-4EF0-85A2-20A198BD1253}.Debug|Any CPU.Build.0 = Debug|Any CPU
		{CF7C5D3B-5DC8-4EF0-85A2-20A198BD1253}.Release|Any CPU.ActiveCfg = Release|Any CPU
		{CF7C5D3B-5DC8-4EF0-85A2-20A198BD1253}.Release|Any CPU.Build.0 = Release|Any CPU
		{DC636DCC-1575-4FDE-AA7E-48CEBDD59BE1}.Debug|Any CPU.ActiveCfg = Debug|Any CPU
		{DC636DCC-1575-4FDE-AA7E-48CEBDD59BE1}.Debug|Any CPU.Build.0 = Debug|Any CPU
		{DC636DCC-1575-4FDE-AA7E-48CEBDD59BE1}.Release|Any CPU.ActiveCfg = Release|Any CPU
		{DC636DCC-1575-4FDE-AA7E-48CEBDD59BE1}.Release|Any CPU.Build.0 = Release|Any CPU
	EndGlobalSection
	GlobalSection(SolutionProperties) = preSolution
		HideSolutionNode = FALSE
	EndGlobalSection
	GlobalSection(ExtensibilityGlobals) = postSolution
		SolutionGuid = {F7BCC27D-7883-48E1-8979-7A9C8509BE27}
	EndGlobalSection
EndGlobal
